// !$*UTF8*$!
{
	archiveVersion = 1;
	classes = {
	};
	objectVersion = 46;
	objects = {

/* Begin PBXBuildFile section */
		43F681A61BDF52630026B7AA /* main.m in Sources */ = {isa = PBXBuildFile; fileRef = 43F681A51BDF52630026B7AA /* main.m */; };
		43F681A91BDF52630026B7AA /* AppDelegate.m in Sources */ = {isa = PBXBuildFile; fileRef = 43F681A81BDF52630026B7AA /* AppDelegate.m */; };
		43F681AC1BDF52630026B7AA /* ViewController.m in Sources */ = {isa = PBXBuildFile; fileRef = 43F681AB1BDF52630026B7AA /* ViewController.m */; };
		43F681AF1BDF52630026B7AA /* Main.storyboard in Resources */ = {isa = PBXBuildFile; fileRef = 43F681AD1BDF52630026B7AA /* Main.storyboard */; };
		43F681B11BDF52630026B7AA /* Images.xcassets in Resources */ = {isa = PBXBuildFile; fileRef = 43F681B01BDF52630026B7AA /* Images.xcassets */; };
		43F681B41BDF52630026B7AA /* LaunchScreen.xib in Resources */ = {isa = PBXBuildFile; fileRef = 43F681B21BDF52630026B7AA /* LaunchScreen.xib */; };
		43F681C01BDF52630026B7AA /* _0_27PostDemoTests.m in Sources */ = {isa = PBXBuildFile; fileRef = 43F681BF1BDF52630026B7AA /* _0_27PostDemoTests.m */; };
		43F681CD1BDF53330026B7AA /* EngineInterface.m in Sources */ = {isa = PBXBuildFile; fileRef = 43F681CC1BDF53330026B7AA /* EngineInterface.m */; };
		43F681D01BDF54050026B7AA /* PDHttp.m in Sources */ = {isa = PBXBuildFile; fileRef = 43F681CF1BDF54050026B7AA /* PDHttp.m */; };
/* End PBXBuildFile section */

/* Begin PBXContainerItemProxy section */
		43F681BA1BDF52630026B7AA /* PBXContainerItemProxy */ = {
			isa = PBXContainerItemProxy;
			containerPortal = 43F681981BDF52630026B7AA /* Project object */;
			proxyType = 1;
			remoteGlobalIDString = 43F6819F1BDF52630026B7AA;
			remoteInfo = 10_27PostDemo;
		};
/* End PBXContainerItemProxy section */

/* Begin PBXFileReference section */
		4304DC5B1BDF66C400900389 /* PrefixHeader.pch */ = {isa = PBXFileReference; fileEncoding = 4; lastKnownFileType = sourcecode.c.h; path = PrefixHeader.pch; sourceTree = "<group>"; };
		4304DC5C1BDF671B00900389 /* PublicDefine.h */ = {isa = PBXFileReference; fileEncoding = 4; lastKnownFileType = sourcecode.c.h; path = PublicDefine.h; sourceTree = "<group>"; };
		43F681A01BDF52630026B7AA /* 10_27PostDemo.app */ = {isa = PBXFileReference; explicitFileType = wrapper.application; includeInIndex = 0; path = 10_27PostDemo.app; sourceTree = BUILT_PRODUCTS_DIR; };
		43F681A41BDF52630026B7AA /* Info.plist */ = {isa = PBXFileReference; lastKnownFileType = text.plist.xml; path = Info.plist; sourceTree = "<group>"; };
		43F681A51BDF52630026B7AA /* main.m */ = {isa = PBXFileReference; lastKnownFileType = sourcecode.c.objc; path = main.m; sourceTree = "<group>"; };
		43F681A71BDF52630026B7AA /* AppDelegate.h */ = {isa = PBXFileReference; lastKnownFileType = sourcecode.c.h; path = AppDelegate.h; sourceTree = "<group>"; };
		43F681A81BDF52630026B7AA /* AppDelegate.m */ = {isa = PBXFileReference; lastKnownFileType = sourcecode.c.objc; path = AppDelegate.m; sourceTree = "<group>"; };
		43F681AA1BDF52630026B7AA /* ViewController.h */ = {isa = PBXFileReference; lastKnownFileType = sourcecode.c.h; path = ViewController.h; sourceTree = "<group>"; };
		43F681AB1BDF52630026B7AA /* ViewController.m */ = {isa = PBXFileReference; lastKnownFileType = sourcecode.c.objc; path = ViewController.m; sourceTree = "<group>"; };
		43F681AE1BDF52630026B7AA /* Base */ = {isa = PBXFileReference; lastKnownFileType = file.storyboard; name = Base; path = Base.lproj/Main.storyboard; sourceTree = "<group>"; };
		43F681B01BDF52630026B7AA /* Images.xcassets */ = {isa = PBXFileReference; lastKnownFileType = folder.assetcatalog; path = Images.xcassets; sourceTree = "<group>"; };
		43F681B31BDF52630026B7AA /* Base */ = {isa = PBXFileReference; lastKnownFileType = file.xib; name = Base; path = Base.lproj/LaunchScreen.xib; sourceTree = "<group>"; };
		43F681B91BDF52630026B7AA /* 10_27PostDemoTests.xctest */ = {isa = PBXFileReference; explicitFileType = wrapper.cfbundle; includeInIndex = 0; path = 10_27PostDemoTests.xctest; sourceTree = BUILT_PRODUCTS_DIR; };
		43F681BE1BDF52630026B7AA /* Info.plist */ = {isa = PBXFileReference; lastKnownFileType = text.plist.xml; path = Info.plist; sourceTree = "<group>"; };
		43F681BF1BDF52630026B7AA /* _0_27PostDemoTests.m */ = {isa = PBXFileReference; lastKnownFileType = sourcecode.c.objc; path = _0_27PostDemoTests.m; sourceTree = "<group>"; };
		43F681CB1BDF53330026B7AA /* EngineInterface.h */ = {isa = PBXFileReference; fileEncoding = 4; lastKnownFileType = sourcecode.c.h; path = EngineInterface.h; sourceTree = "<group>"; };
		43F681CC1BDF53330026B7AA /* EngineInterface.m */ = {isa = PBXFileReference; fileEncoding = 4; lastKnownFileType = sourcecode.c.objc; path = EngineInterface.m; sourceTree = "<group>"; };
		43F681CE1BDF54050026B7AA /* PDHttp.h */ = {isa = PBXFileReference; fileEncoding = 4; lastKnownFileType = sourcecode.c.h; path = PDHttp.h; sourceTree = "<group>"; };
		43F681CF1BDF54050026B7AA /* PDHttp.m */ = {isa = PBXFileReference; fileEncoding = 4; lastKnownFileType = sourcecode.c.objc; path = PDHttp.m; sourceTree = "<group>"; };
/* End PBXFileReference section */

/* Begin PBXFrameworksBuildPhase section */
		43F6819D1BDF52630026B7AA /* Frameworks */ = {
			isa = PBXFrameworksBuildPhase;
			buildActionMask = 2147483647;
			files = (
			);
			runOnlyForDeploymentPostprocessing = 0;
		};
		43F681B61BDF52630026B7AA /* Frameworks */ = {
			isa = PBXFrameworksBuildPhase;
			buildActionMask = 2147483647;
			files = (
			);
			runOnlyForDeploymentPostprocessing = 0;
		};
/* End PBXFrameworksBuildPhase section */

/* Begin PBXGroup section */
		4304DC591BDF668C00900389 /* Common */ = {
			isa = PBXGroup;
			children = (
				4304DC5C1BDF671B00900389 /* PublicDefine.h */,
			);
			name = Common;
			path = 10_27PostDemo/Common;
			sourceTree = "<group>";
		};
		43F681971BDF52630026B7AA = {
			isa = PBXGroup;
			children = (
				4304DC591BDF668C00900389 /* Common */,
				43F681C91BDF53170026B7AA /* Engines */,
				43F681A21BDF52630026B7AA /* 10_27PostDemo */,
				43F681BC1BDF52630026B7AA /* 10_27PostDemoTests */,
				43F681A11BDF52630026B7AA /* Products */,
			);
			sourceTree = "<group>";
		};
		43F681A11BDF52630026B7AA /* Products */ = {
			isa = PBXGroup;
			children = (
				43F681A01BDF52630026B7AA /* 10_27PostDemo.app */,
				43F681B91BDF52630026B7AA /* 10_27PostDemoTests.xctest */,
			);
			name = Products;
			sourceTree = "<group>";
		};
		43F681A21BDF52630026B7AA /* 10_27PostDemo */ = {
			isa = PBXGroup;
			children = (
				4304DC5B1BDF66C400900389 /* PrefixHeader.pch */,
				43F681A71BDF52630026B7AA /* AppDelegate.h */,
				43F681A81BDF52630026B7AA /* AppDelegate.m */,
				43F681AA1BDF52630026B7AA /* ViewController.h */,
				43F681AB1BDF52630026B7AA /* ViewController.m */,
				43F681AD1BDF52630026B7AA /* Main.storyboard */,
				43F681B01BDF52630026B7AA /* Images.xcassets */,
				43F681B21BDF52630026B7AA /* LaunchScreen.xib */,
				43F681A31BDF52630026B7AA /* Supporting Files */,
			);
			path = 10_27PostDemo;
			sourceTree = "<group>";
		};
		43F681A31BDF52630026B7AA /* Supporting Files */ = {
			isa = PBXGroup;
			children = (
				43F681A41BDF52630026B7AA /* Info.plist */,
				43F681A51BDF52630026B7AA /* main.m */,
			);
			name = "Supporting Files";
			sourceTree = "<group>";
		};
		43F681BC1BDF52630026B7AA /* 10_27PostDemoTests */ = {
			isa = PBXGroup;
			children = (
				43F681BF1BDF52630026B7AA /* _0_27PostDemoTests.m */,
				43F681BD1BDF52630026B7AA /* Supporting Files */,
			);
			path = 10_27PostDemoTests;
			sourceTree = "<group>";
		};
		43F681BD1BDF52630026B7AA /* Supporting Files */ = {
			isa = PBXGroup;
			children = (
				43F681BE1BDF52630026B7AA /* Info.plist */,
			);
			name = "Supporting Files";
			sourceTree = "<group>";
		};
		43F681C91BDF53170026B7AA /* Engines */ = {
			isa = PBXGroup;
			children = (
				43F681CA1BDF53170026B7AA /* Networks */,
			);
			name = Engines;
			path = 10_27PostDemo/Engines;
			sourceTree = "<group>";
		};
		43F681CA1BDF53170026B7AA /* Networks */ = {
			isa = PBXGroup;
			children = (
				43F681CB1BDF53330026B7AA /* EngineInterface.h */,
				43F681CC1BDF53330026B7AA /* EngineInterface.m */,
				43F681CE1BDF54050026B7AA /* PDHttp.h */,
				43F681CF1BDF54050026B7AA /* PDHttp.m */,
			);
			path = Networks;
			sourceTree = "<group>";
		};
/* End PBXGroup section */

/* Begin PBXNativeTarget section */
		43F6819F1BDF52630026B7AA /* 10_27PostDemo */ = {
			isa = PBXNativeTarget;
			buildConfigurationList = 43F681C31BDF52630026B7AA /* Build configuration list for PBXNativeTarget "10_27PostDemo" */;
			buildPhases = (
				43F6819C1BDF52630026B7AA /* Sources */,
				43F6819D1BDF52630026B7AA /* Frameworks */,
				43F6819E1BDF52630026B7AA /* Resources */,
			);
			buildRules = (
			);
			dependencies = (
			);
			name = 10_27PostDemo;
			productName = 10_27PostDemo;
			productReference = 43F681A01BDF52630026B7AA /* 10_27PostDemo.app */;
			productType = "com.apple.product-type.application";
		};
		43F681B81BDF52630026B7AA /* 10_27PostDemoTests */ = {
			isa = PBXNativeTarget;
			buildConfigurationList = 43F681C61BDF52630026B7AA /* Build configuration list for PBXNativeTarget "10_27PostDemoTests" */;
			buildPhases = (
				43F681B51BDF52630026B7AA /* Sources */,
				43F681B61BDF52630026B7AA /* Frameworks */,
				43F681B71BDF52630026B7AA /* Resources */,
			);
			buildRules = (
			);
			dependencies = (
				43F681BB1BDF52630026B7AA /* PBXTargetDependency */,
			);
			name = 10_27PostDemoTests;
			productName = 10_27PostDemoTests;
			productReference = 43F681B91BDF52630026B7AA /* 10_27PostDemoTests.xctest */;
			productType = "com.apple.product-type.bundle.unit-test";
		};
/* End PBXNativeTarget section */

/* Begin PBXProject section */
		43F681981BDF52630026B7AA /* Project object */ = {
			isa = PBXProject;
			attributes = {
				LastUpgradeCheck = 0640;
				ORGANIZATIONNAME = nate;
				TargetAttributes = {
					43F6819F1BDF52630026B7AA = {
						CreatedOnToolsVersion = 6.4;
					};
					43F681B81BDF52630026B7AA = {
						CreatedOnToolsVersion = 6.4;
						TestTargetID = 43F6819F1BDF52630026B7AA;
					};
				};
			};
			buildConfigurationList = 43F6819B1BDF52630026B7AA /* Build configuration list for PBXProject "10_27PostDemo" */;
			compatibilityVersion = "Xcode 3.2";
			developmentRegion = English;
			hasScannedForEncodings = 0;
			knownRegions = (
				en,
				Base,
			);
			mainGroup = 43F681971BDF52630026B7AA;
			productRefGroup = 43F681A11BDF52630026B7AA /* Products */;
			projectDirPath = "";
			projectRoot = "";
			targets = (
				43F6819F1BDF52630026B7AA /* 10_27PostDemo */,
				43F681B81BDF52630026B7AA /* 10_27PostDemoTests */,
			);
		};
/* End PBXProject section */

/* Begin PBXResourcesBuildPhase section */
		43F6819E1BDF52630026B7AA /* Resources */ = {
			isa = PBXResourcesBuildPhase;
			buildActionMask = 2147483647;
			files = (
				43F681AF1BDF52630026B7AA /* Main.storyboard in Resources */,
				43F681B41BDF52630026B7AA /* LaunchScreen.xib in Resources */,
				43F681B11BDF52630026B7AA /* Images.xcassets in Resources */,
			);
			runOnlyForDeploymentPostprocessing = 0;
		};
		43F681B71BDF52630026B7AA /* Resources */ = {
			isa = PBXResourcesBuildPhase;
			buildActionMask = 2147483647;
			files = (
			);
			runOnlyForDeploymentPostprocessing = 0;
		};
/* End PBXResourcesBuildPhase section */

/* Begin PBXSourcesBuildPhase section */
		43F6819C1BDF52630026B7AA /* Sources */ = {
			isa = PBXSourcesBuildPhase;
			buildActionMask = 2147483647;
			files = (
				43F681AC1BDF52630026B7AA /* ViewController.m in Sources */,
				43F681A91BDF52630026B7AA /* AppDelegate.m in Sources */,
				43F681A61BDF52630026B7AA /* main.m in Sources */,
				43F681D01BDF54050026B7AA /* PDHttp.m in Sources */,
				43F681CD1BDF53330026B7AA /* EngineInterface.m in Sources */,
			);
			runOnlyForDeploymentPostprocessing = 0;
		};
		43F681B51BDF52630026B7AA /* Sources */ = {
			isa = PBXSourcesBuildPhase;
			buildActionMask = 2147483647;
			files = (
				43F681C01BDF52630026B7AA /* _0_27PostDemoTests.m in Sources */,
			);
			runOnlyForDeploymentPostprocessing = 0;
		};
/* End PBXSourcesBuildPhase section */

/* Begin PBXTargetDependency section */
		43F681BB1BDF52630026B7AA /* PBXTargetDependency */ = {
			isa = PBXTargetDependency;
			target = 43F6819F1BDF52630026B7AA /* 10_27PostDemo */;
			targetProxy = 43F681BA1BDF52630026B7AA /* PBXContainerItemProxy */;
		};
/* End PBXTargetDependency section */

/* Begin PBXVariantGroup section */
		43F681AD1BDF52630026B7AA /* Main.storyboard */ = {
			isa = PBXVariantGroup;
			children = (
				43F681AE1BDF52630026B7AA /* Base */,
			);
			name = Main.storyboard;
			sourceTree = "<group>";
		};
		43F681B21BDF52630026B7AA /* LaunchScreen.xib */ = {
			isa = PBXVariantGroup;
			children = (
				43F681B31BDF52630026B7AA /* Base */,
			);
			name = LaunchScreen.xib;
			sourceTree = "<group>";
		};
/* End PBXVariantGroup section */

/* Begin XCBuildConfiguration section */
		43F681C11BDF52630026B7AA /* Debug */ = {
			isa = XCBuildConfiguration;
			buildSettings = {
				ALWAYS_SEARCH_USER_PATHS = NO;
				CLANG_CXX_LANGUAGE_STANDARD = "gnu++0x";
				CLANG_CXX_LIBRARY = "libc++";
				CLANG_ENABLE_MODULES = YES;
				CLANG_ENABLE_OBJC_ARC = YES;
				CLANG_WARN_BOOL_CONVERSION = YES;
				CLANG_WARN_CONSTANT_CONVERSION = YES;
				CLANG_WARN_DIRECT_OBJC_ISA_USAGE = YES_ERROR;
				CLANG_WARN_EMPTY_BODY = YES;
				CLANG_WARN_ENUM_CONVERSION = YES;
				CLANG_WARN_INT_CONVERSION = YES;
				CLANG_WARN_OBJC_ROOT_CLASS = YES_ERROR;
				CLANG_WARN_UNREACHABLE_CODE = YES;
				CLANG_WARN__DUPLICATE_METHOD_MATCH = YES;
				"CODE_SIGN_IDENTITY[sdk=iphoneos*]" = "iPhone Developer";
				COPY_PHASE_STRIP = NO;
				DEBUG_INFORMATION_FORMAT = "dwarf-with-dsym";
				ENABLE_STRICT_OBJC_MSGSEND = YES;
				GCC_C_LANGUAGE_STANDARD = gnu99;
				GCC_DYNAMIC_NO_PIC = NO;
				GCC_NO_COMMON_BLOCKS = YES;
				GCC_OPTIMIZATION_LEVEL = 0;
				GCC_PREPROCESSOR_DEFINITIONS = (
					"DEBUG=1",
					"$(inherited)",
				);
				GCC_SYMBOLS_PRIVATE_EXTERN = NO;
				GCC_WARN_64_TO_32_BIT_CONVERSION = YES;
				GCC_WARN_ABOUT_RETURN_TYPE = YES_ERROR;
				GCC_WARN_UNDECLARED_SELECTOR = YES;
				GCC_WARN_UNINITIALIZED_AUTOS = YES_AGGRESSIVE;
				GCC_WARN_UNUSED_FUNCTION = YES;
				GCC_WARN_UNUSED_VARIABLE = YES;
				IPHONEOS_DEPLOYMENT_TARGET = 8.4;
				MTL_ENABLE_DEBUG_INFO = YES;
				ONLY_ACTIVE_ARCH = YES;
				SDKROOT = iphoneos;
				TARGETED_DEVICE_FAMILY = "1,2";
			};
			name = Debug;
		};
		43F681C21BDF52630026B7AA /* Release */ = {
			isa = XCBuildConfiguration;
			buildSettings = {
				ALWAYS_SEARCH_USER_PATHS = NO;
				CLANG_CXX_LANGUAGE_STANDARD = "gnu++0x";
				CLANG_CXX_LIBRARY = "libc++";
				CLANG_ENABLE_MODULES = YES;
				CLANG_ENABLE_OBJC_ARC = YES;
				CLANG_WARN_BOOL_CONVERSION = YES;
				CLANG_WARN_CONSTANT_CONVERSION = YES;
				CLANG_WARN_DIRECT_OBJC_ISA_USAGE = YES_ERROR;
				CLANG_WARN_EMPTY_BODY = YES;
				CLANG_WARN_ENUM_CONVERSION = YES;
				CLANG_WARN_INT_CONVERSION = YES;
				CLANG_WARN_OBJC_ROOT_CLASS = YES_ERROR;
				CLANG_WARN_UNREACHABLE_CODE = YES;
				CLANG_WARN__DUPLICATE_METHOD_MATCH = YES;
				"CODE_SIGN_IDENTITY[sdk=iphoneos*]" = "iPhone Developer";
				COPY_PHASE_STRIP = NO;
				DEBUG_INFORMATION_FORMAT = "dwarf-with-dsym";
				ENABLE_NS_ASSERTIONS = NO;
				ENABLE_STRICT_OBJC_MSGSEND = YES;
				GCC_C_LANGUAGE_STANDARD = gnu99;
				GCC_NO_COMMON_BLOCKS = YES;
				GCC_WARN_64_TO_32_BIT_CONVERSION = YES;
				GCC_WARN_ABOUT_RETURN_TYPE = YES_ERROR;
				GCC_WARN_UNDECLARED_SELECTOR = YES;
				GCC_WARN_UNINITIALIZED_AUTOS = YES_AGGRESSIVE;
				GCC_WARN_UNUSED_FUNCTION = YES;
				GCC_WARN_UNUSED_VARIABLE = YES;
				IPHONEOS_DEPLOYMENT_TARGET = 8.4;
				MTL_ENABLE_DEBUG_INFO = NO;
				SDKROOT = iphoneos;
				TARGETED_DEVICE_FAMILY = "1,2";
				VALIDATE_PRODUCT = YES;
			};
			name = Release;
		};
		43F681C41BDF52630026B7AA /* Debug */ = {
			isa = XCBuildConfiguration;
			buildSettings = {
				ASSETCATALOG_COMPILER_APPICON_NAME = AppIcon;
				GCC_PREFIX_HEADER = 10_27PostDemo/PrefixHeader.pch;
				INFOPLIST_FILE = 10_27PostDemo/Info.plist;
				LD_RUNPATH_SEARCH_PATHS = "$(inherited) @executable_path/Frameworks";
				PRODUCT_NAME = "$(TARGET_NAME)";
			};
			name = Debug;
		};
		43F681C51BDF52630026B7AA /* Release */ = {
			isa = XCBuildConfiguration;
			buildSettings = {
				ASSETCATALOG_COMPILER_APPICON_NAME = AppIcon;
				GCC_PREFIX_HEADER = 10_27PostDemo/PrefixHeader.pch;
				INFOPLIST_FILE = 10_27PostDemo/Info.plist;
				LD_RUNPATH_SEARCH_PATHS = "$(inherited) @executable_path/Frameworks";
				PRODUCT_NAME = "$(TARGET_NAME)";
			};
			name = Release;
		};
		43F681C71BDF52630026B7AA /* Debug */ = {
			isa = XCBuildConfiguration;
			buildSettings = {
				BUNDLE_LOADER = "$(TEST_HOST)";
				FRAMEWORK_SEARCH_PATHS = (
					"$(SDKROOT)/Developer/Library/Frameworks",
					"$(inherited)",
				);
				GCC_PREPROCESSOR_DEFINITIONS = (
					"DEBUG=1",
					"$(inherited)",
				);
				INFOPLIST_FILE = 10_27PostDemoTests/Info.plist;
				LD_RUNPATH_SEARCH_PATHS = "$(inherited) @executable_path/Frameworks @loader_path/Frameworks";
				PRODUCT_NAME = "$(TARGET_NAME)";
				TEST_HOST = "$(BUILT_PRODUCTS_DIR)/10_27PostDemo.app/10_27PostDemo";
			};
			name = Debug;
		};
		43F681C81BDF52630026B7AA /* Release */ = {
			isa = XCBuildConfiguration;
			buildSettings = {
				BUNDLE_LOADER = "$(TEST_HOST)";
				FRAMEWORK_SEARCH_PATHS = (
					"$(SDKROOT)/Developer/Library/Frameworks",
					"$(inherited)",
				);
				INFOPLIST_FILE = 10_27PostDemoTests/Info.plist;
				LD_RUNPATH_SEARCH_PATHS = "$(inherited) @executable_path/Frameworks @loader_path/Frameworks";
				PRODUCT_NAME = "$(TARGET_NAME)";
				TEST_HOST = "$(BUILT_PRODUCTS_DIR)/10_27PostDemo.app/10_27PostDemo";
			};
			name = Release;
		};
/* End XCBuildConfiguration section */

/* Begin XCConfigurationList section */
		43F6819B1BDF52630026B7AA /* Build configuration list for PBXProject "10_27PostDemo" */ = {
			isa = XCConfigurationList;
			buildConfigurations = (
				43F681C11BDF52630026B7AA /* Debug */,
				43F681C21BDF52630026B7AA /* Release */,
			);
			defaultConfigurationIsVisible = 0;
			defaultConfigurationName = Release;
		};
		43F681C31BDF52630026B7AA /* Build configuration list for PBXNativeTarget "10_27PostDemo" */ = {
			isa = XCConfigurationList;
			buildConfigurations = (
				43F681C41BDF52630026B7AA /* Debug */,
				43F681C51BDF52630026B7AA /* Release */,
			);
			defaultConfigurationIsVisible = 0;
			defaultConfigurationName = Release;
		};
		43F681C61BDF52630026B7AA /* Build configuration list for PBXNativeTarget "10_27PostDemoTests" */ = {
			isa = XCConfigurationList;
			buildConfigurations = (
				43F681C71BDF52630026B7AA /* Debug */,
				43F681C81BDF52630026B7AA /* Release */,
			);
			defaultConfigurationIsVisible = 0;
			defaultConfigurationName = Release;
		};
/* End XCConfigurationList section */
	};
	rootObject = 43F681981BDF52630026B7AA /* Project object */;
}
